
Microsoft Visual Studio Solution File, Format Version 12.00
# Visual Studio Version 16
VisualStudioVersion = 16.0.30204.135
MinimumVisualStudioVersion = 10.0.40219.1
Project("{FAE04EC0-301F-11D3-BF4B-00C04F79EFBC}") = "Mealmate.Application", "Mealmate.Application\Mealmate.Application.csproj", "{E0387F8B-601F-4BD9-9E6C-31DA2D095465}"
EndProject
Project("{FAE04EC0-301F-11D3-BF4B-00C04F79EFBC}") = "Mealmate.Infrastructure", "Mealmate.Infrastructure\Mealmate.Infrastructure.csproj", "{D8394259-D5C4-407E-8437-8C763936F296}"
EndProject
Project("{FAE04EC0-301F-11D3-BF4B-00C04F79EFBC}") = "Mealmate.Core", "Mealmate.Core\Mealmate.Core.csproj", "{7E95C11C-04DA-4542-AA48-7BF3A60ABCB9}"
EndProject
Project("{FAE04EC0-301F-11D3-BF4B-00C04F79EFBC}") = "Mealmate.Api", "Mealmate.Api\Mealmate.Api.csproj", "{695AEB75-4CB0-442E-B0FD-0756C00A56EA}"
EndProject
Global
	GlobalSection(SolutionConfigurationPlatforms) = preSolution
		Debug|Any CPU = Debug|Any CPU
		Release|Any CPU = Release|Any CPU
	EndGlobalSection
	GlobalSection(ProjectConfigurationPlatforms) = postSolution
		{E0387F8B-601F-4BD9-9E6C-31DA2D095465}.Debug|Any CPU.ActiveCfg = Debug|Any CPU
		{E0387F8B-601F-4BD9-9E6C-31DA2D095465}.Debug|Any CPU.Build.0 = Debug|Any CPU
		{E0387F8B-601F-4BD9-9E6C-31DA2D095465}.Release|Any CPU.ActiveCfg = Release|Any CPU
		{E0387F8B-601F-4BD9-9E6C-31DA2D095465}.Release|Any CPU.Build.0 = Release|Any CPU
		{D8394259-D5C4-407E-8437-8C763936F296}.Debug|Any CPU.ActiveCfg = Debug|Any CPU
		{D8394259-D5C4-407E-8437-8C763936F296}.Debug|Any CPU.Build.0 = Debug|Any CPU
		{D8394259-D5C4-407E-8437-8C763936F296}.Release|Any CPU.ActiveCfg = Release|Any CPU
		{D8394259-D5C4-407E-8437-8C763936F296}.Release|Any CPU.Build.0 = Release|Any CPU
		{7E95C11C-04DA-4542-AA48-7BF3A60ABCB9}.Debug|Any CPU.ActiveCfg = Debug|Any CPU
		{7E95C11C-04DA-4542-AA48-7BF3A60ABCB9}.Debug|Any CPU.Build.0 = Debug|Any CPU
		{7E95C11C-04DA-4542-AA48-7BF3A60ABCB9}.Release|Any CPU.ActiveCfg = Release|Any CPU
		{7E95C11C-04DA-4542-AA48-7BF3A60ABCB9}.Release|Any CPU.Build.0 = Release|Any CPU
		{695AEB75-4CB0-442E-B0FD-0756C00A56EA}.Debug|Any CPU.ActiveCfg = Debug|Any CPU
		{695AEB75-4CB0-442E-B0FD-0756C00A56EA}.Debug|Any CPU.Build.0 = Debug|Any CPU
		{695AEB75-4CB0-442E-B0FD-0756C00A56EA}.Release|Any CPU.ActiveCfg = Release|Any CPU
		{695AEB75-4CB0-442E-B0FD-0756C00A56EA}.Release|Any CPU.Build.0 = Release|Any CPU
	EndGlobalSection
	GlobalSection(SolutionProperties) = preSolution
		HideSolutionNode = FALSE
	EndGlobalSection
	GlobalSection(ExtensibilityGlobals) = postSolution
		SolutionGuid = {5ABE09FD-DF06-496F-A7C8-79E98B174594}
	EndGlobalSection
EndGlobal
